
Microsoft Visual Studio Solution File, Format Version 12.00
# Visual Studio 2012
Project("{FAE04EC0-301F-11D3-BF4B-00C04F79EFBC}") = "WinServiceWrapper", "src\WinServiceWrapper\WinServiceWrapper.csproj", "{6BA63D85-A3D3-4897-8B41-BEAE38B6388B}"
EndProject
Project("{2150E333-8FDC-42A3-9474-1A3956D46DE8}") = "Tests", "Tests", "{04AF7A42-FDB3-4E90-95ED-9171FE7F4023}"
EndProject
Project("{FAE04EC0-301F-11D3-BF4B-00C04F79EFBC}") = "WinServiceWrapper.Integration_DirectStop.Tests", "src\WinServiceWrapper.Integration_DirectStop.Tests\WinServiceWrapper.Integration_DirectStop.Tests.csproj", "{53AF69B5-28B8-4832-93FB-EB8D64222129}"
EndProject
Project("{FAE04EC0-301F-11D3-BF4B-00C04F79EFBC}") = "DummyApp", "src\DummyApp\DummyApp.csproj", "{05DF30A8-3D39-4F77-B2CA-6BA4D95F13AA}"
EndProject
Project("{FAE04EC0-301F-11D3-BF4B-00C04F79EFBC}") = "WinServiceWrapper.Integration_ExternalStop.Tests", "src\WinServiceWrapper.Integration_ExternalStop.Tests\WinServiceWrapper.Integration_ExternalStop.Tests.csproj", "{D24971C3-FEE9-4C66-856F-02D60762A98A}"
EndProject
Project("{FAE04EC0-301F-11D3-BF4B-00C04F79EFBC}") = "WinServiceWrapper.Integration_RestartIfFailed.Tests", "src\WinServiceWrapper.Integration_RestartIfFailed.Tests\WinServiceWrapper.Integration_RestartIfFailed.Tests.csproj", "{5C5E29F0-3BFD-4F5B-A0FC-BB6C126D334F}"
EndProject
Global
	GlobalSection(SolutionConfigurationPlatforms) = preSolution
		Debug|Any CPU = Debug|Any CPU
		Release|Any CPU = Release|Any CPU
	EndGlobalSection
	GlobalSection(ProjectConfigurationPlatforms) = postSolution
		{6BA63D85-A3D3-4897-8B41-BEAE38B6388B}.Debug|Any CPU.ActiveCfg = Debug|Any CPU
		{6BA63D85-A3D3-4897-8B41-BEAE38B6388B}.Debug|Any CPU.Build.0 = Debug|Any CPU
		{6BA63D85-A3D3-4897-8B41-BEAE38B6388B}.Release|Any CPU.ActiveCfg = Release|Any CPU
		{6BA63D85-A3D3-4897-8B41-BEAE38B6388B}.Release|Any CPU.Build.0 = Release|Any CPU
		{53AF69B5-28B8-4832-93FB-EB8D64222129}.Debug|Any CPU.ActiveCfg = Debug|Any CPU
		{53AF69B5-28B8-4832-93FB-EB8D64222129}.Debug|Any CPU.Build.0 = Debug|Any CPU
		{53AF69B5-28B8-4832-93FB-EB8D64222129}.Release|Any CPU.ActiveCfg = Release|Any CPU
		{53AF69B5-28B8-4832-93FB-EB8D64222129}.Release|Any CPU.Build.0 = Release|Any CPU
		{05DF30A8-3D39-4F77-B2CA-6BA4D95F13AA}.Debug|Any CPU.ActiveCfg = Debug|Any CPU
		{05DF30A8-3D39-4F77-B2CA-6BA4D95F13AA}.Debug|Any CPU.Build.0 = Debug|Any CPU
		{05DF30A8-3D39-4F77-B2CA-6BA4D95F13AA}.Release|Any CPU.ActiveCfg = Release|Any CPU
		{05DF30A8-3D39-4F77-B2CA-6BA4D95F13AA}.Release|Any CPU.Build.0 = Release|Any CPU
		{D24971C3-FEE9-4C66-856F-02D60762A98A}.Debug|Any CPU.ActiveCfg = Debug|Any CPU
		{D24971C3-FEE9-4C66-856F-02D60762A98A}.Debug|Any CPU.Build.0 = Debug|Any CPU
		{D24971C3-FEE9-4C66-856F-02D60762A98A}.Release|Any CPU.ActiveCfg = Release|Any CPU
		{D24971C3-FEE9-4C66-856F-02D60762A98A}.Release|Any CPU.Build.0 = Release|Any CPU
		{5C5E29F0-3BFD-4F5B-A0FC-BB6C126D334F}.Debug|Any CPU.ActiveCfg = Debug|Any CPU
		{5C5E29F0-3BFD-4F5B-A0FC-BB6C126D334F}.Debug|Any CPU.Build.0 = Debug|Any CPU
		{5C5E29F0-3BFD-4F5B-A0FC-BB6C126D334F}.Release|Any CPU.ActiveCfg = Release|Any CPU
		{5C5E29F0-3BFD-4F5B-A0FC-BB6C126D334F}.Release|Any CPU.Build.0 = Release|Any CPU
	EndGlobalSection
	GlobalSection(SolutionProperties) = preSolution
		HideSolutionNode = FALSE
	EndGlobalSection
	GlobalSection(NestedProjects) = preSolution
		{53AF69B5-28B8-4832-93FB-EB8D64222129} = {04AF7A42-FDB3-4E90-95ED-9171FE7F4023}
		{05DF30A8-3D39-4F77-B2CA-6BA4D95F13AA} = {04AF7A42-FDB3-4E90-95ED-9171FE7F4023}
		{D24971C3-FEE9-4C66-856F-02D60762A98A} = {04AF7A42-FDB3-4E90-95ED-9171FE7F4023}
		{5C5E29F0-3BFD-4F5B-A0FC-BB6C126D334F} = {04AF7A42-FDB3-4E90-95ED-9171FE7F4023}
	EndGlobalSection
EndGlobal
